// !$*UTF8*$!
{
	archiveVersion = 1;
	classes = {
	};
	objectVersion = 48;
	objects = {

/* Begin PBXBuildFile section */
		9FC4D2642133A9510021F517 /* AppDelegate.swift in Sources */ = {isa = PBXBuildFile; fileRef = 9FC4D2632133A9510021F517 /* AppDelegate.swift */; };
		9FC4D2662133A9510021F517 /* ViewController.swift in Sources */ = {isa = PBXBuildFile; fileRef = 9FC4D2652133A9510021F517 /* ViewController.swift */; };
		9FC4D2692133A9510021F517 /* Main.storyboard in Resources */ = {isa = PBXBuildFile; fileRef = 9FC4D2672133A9510021F517 /* Main.storyboard */; };
		9FC4D26C2133A9510021F517 /* Concentration.xcdatamodeld in Sources */ = {isa = PBXBuildFile; fileRef = 9FC4D26A2133A9510021F517 /* Concentration.xcdatamodeld */; };
		9FC4D26E2133A9510021F517 /* Assets.xcassets in Resources */ = {isa = PBXBuildFile; fileRef = 9FC4D26D2133A9510021F517 /* Assets.xcassets */; };
		9FC4D2712133A9510021F517 /* LaunchScreen.storyboard in Resources */ = {isa = PBXBuildFile; fileRef = 9FC4D26F2133A9510021F517 /* LaunchScreen.storyboard */; };
		9FC4D27C2133A9510021F517 /* ConcentrationTests.swift in Sources */ = {isa = PBXBuildFile; fileRef = 9FC4D27B2133A9510021F517 /* ConcentrationTests.swift */; };
		9FC4D2872133A9510021F517 /* ConcentrationUITests.swift in Sources */ = {isa = PBXBuildFile; fileRef = 9FC4D2862133A9510021F517 /* ConcentrationUITests.swift */; };
/* End PBXBuildFile section */

/* Begin PBXContainerItemProxy section */
		9FC4D2782133A9510021F517 /* PBXContainerItemProxy */ = {
			isa = PBXContainerItemProxy;
			containerPortal = 9FC4D2582133A9510021F517 /* Project object */;
			proxyType = 1;
			remoteGlobalIDString = 9FC4D25F2133A9510021F517;
			remoteInfo = Concentration;
		};
		9FC4D2832133A9510021F517 /* PBXContainerItemProxy */ = {
			isa = PBXContainerItemProxy;
			containerPortal = 9FC4D2582133A9510021F517 /* Project object */;
			proxyType = 1;
			remoteGlobalIDString = 9FC4D25F2133A9510021F517;
			remoteInfo = Concentration;
		};
/* End PBXContainerItemProxy section */

/* Begin PBXFileReference section */
		9FC4D2602133A9510021F517 /* Concentration.app */ = {isa = PBXFileReference; explicitFileType = wrapper.application; includeInIndex = 0; path = Concentration.app; sourceTree = BUILT_PRODUCTS_DIR; };
		9FC4D2632133A9510021F517 /* AppDelegate.swift */ = {isa = PBXFileReference; lastKnownFileType = sourcecode.swift; path = AppDelegate.swift; sourceTree = "<group>"; };
		9FC4D2652133A9510021F517 /* ViewController.swift */ = {isa = PBXFileReference; lastKnownFileType = sourcecode.swift; path = ViewController.swift; sourceTree = "<group>"; };
		9FC4D2682133A9510021F517 /* Base */ = {isa = PBXFileReference; lastKnownFileType = file.storyboard; name = Base; path = Base.lproj/Main.storyboard; sourceTree = "<group>"; };
		9FC4D26B2133A9510021F517 /* Concentration.xcdatamodel */ = {isa = PBXFileReference; lastKnownFileType = wrapper.xcdatamodel; path = Concentration.xcdatamodel; sourceTree = "<group>"; };
		9FC4D26D2133A9510021F517 /* Assets.xcassets */ = {isa = PBXFileReference; lastKnownFileType = folder.assetcatalog; path = Assets.xcassets; sourceTree = "<group>"; };
		9FC4D2702133A9510021F517 /* Base */ = {isa = PBXFileReference; lastKnownFileType = file.storyboard; name = Base; path = Base.lproj/LaunchScreen.storyboard; sourceTree = "<group>"; };
		9FC4D2722133A9510021F517 /* Info.plist */ = {isa = PBXFileReference; lastKnownFileType = text.plist.xml; path = Info.plist; sourceTree = "<group>"; };
		9FC4D2772133A9510021F517 /* ConcentrationTests.xctest */ = {isa = PBXFileReference; explicitFileType = wrapper.cfbundle; includeInIndex = 0; path = ConcentrationTests.xctest; sourceTree = BUILT_PRODUCTS_DIR; };
		9FC4D27B2133A9510021F517 /* ConcentrationTests.swift */ = {isa = PBXFileReference; lastKnownFileType = sourcecode.swift; path = ConcentrationTests.swift; sourceTree = "<group>"; };
		9FC4D27D2133A9510021F517 /* Info.plist */ = {isa = PBXFileReference; lastKnownFileType = text.plist.xml; path = Info.plist; sourceTree = "<group>"; };
		9FC4D2822133A9510021F517 /* ConcentrationUITests.xctest */ = {isa = PBXFileReference; explicitFileType = wrapper.cfbundle; includeInIndex = 0; path = ConcentrationUITests.xctest; sourceTree = BUILT_PRODUCTS_DIR; };
		9FC4D2862133A9510021F517 /* ConcentrationUITests.swift */ = {isa = PBXFileReference; lastKnownFileType = sourcecode.swift; path = ConcentrationUITests.swift; sourceTree = "<group>"; };
		9FC4D2882133A9510021F517 /* Info.plist */ = {isa = PBXFileReference; lastKnownFileType = text.plist.xml; path = Info.plist; sourceTree = "<group>"; };
/* End PBXFileReference section */

/* Begin PBXFrameworksBuildPhase section */
		9FC4D25D2133A9510021F517 /* Frameworks */ = {
			isa = PBXFrameworksBuildPhase;
			buildActionMask = 2147483647;
			files = (
			);
			runOnlyForDeploymentPostprocessing = 0;
		};
		9FC4D2742133A9510021F517 /* Frameworks */ = {
			isa = PBXFrameworksBuildPhase;
			buildActionMask = 2147483647;
			files = (
			);
			runOnlyForDeploymentPostprocessing = 0;
		};
		9FC4D27F2133A9510021F517 /* Frameworks */ = {
			isa = PBXFrameworksBuildPhase;
			buildActionMask = 2147483647;
			files = (
			);
			runOnlyForDeploymentPostprocessing = 0;
		};
/* End PBXFrameworksBuildPhase section */

/* Begin PBXGroup section */
		9FC4D2572133A9510021F517 = {
			isa = PBXGroup;
			children = (
				9FC4D2622133A9510021F517 /* Concentration */,
				9FC4D27A2133A9510021F517 /* ConcentrationTests */,
				9FC4D2852133A9510021F517 /* ConcentrationUITests */,
				9FC4D2612133A9510021F517 /* Products */,
			);
			sourceTree = "<group>";
		};
		9FC4D2612133A9510021F517 /* Products */ = {
			isa = PBXGroup;
			children = (
				9FC4D2602133A9510021F517 /* Concentration.app */,
				9FC4D2772133A9510021F517 /* ConcentrationTests.xctest */,
				9FC4D2822133A9510021F517 /* ConcentrationUITests.xctest */,
			);
			name = Products;
			sourceTree = "<group>";
		};
		9FC4D2622133A9510021F517 /* Concentration */ = {
			isa = PBXGroup;
			children = (
				9FC4D2632133A9510021F517 /* AppDelegate.swift */,
				9FC4D2652133A9510021F517 /* ViewController.swift */,
				9FC4D2672133A9510021F517 /* Main.storyboard */,
				9FC4D26D2133A9510021F517 /* Assets.xcassets */,
				9FC4D26F2133A9510021F517 /* LaunchScreen.storyboard */,
				9FC4D2722133A9510021F517 /* Info.plist */,
				9FC4D26A2133A9510021F517 /* Concentration.xcdatamodeld */,
			);
			path = Concentration;
			sourceTree = "<group>";
		};
		9FC4D27A2133A9510021F517 /* ConcentrationTests */ = {
			isa = PBXGroup;
			children = (
				9FC4D27B2133A9510021F517 /* ConcentrationTests.swift */,
				9FC4D27D2133A9510021F517 /* Info.plist */,
			);
			path = ConcentrationTests;
			sourceTree = "<group>";
		};
		9FC4D2852133A9510021F517 /* ConcentrationUITests */ = {
			isa = PBXGroup;
			children = (
				9FC4D2862133A9510021F517 /* ConcentrationUITests.swift */,
				9FC4D2882133A9510021F517 /* Info.plist */,
			);
			path = ConcentrationUITests;
			sourceTree = "<group>";
		};
/* End PBXGroup section */

/* Begin PBXNativeTarget section */
		9FC4D25F2133A9510021F517 /* Concentration */ = {
			isa = PBXNativeTarget;
			buildConfigurationList = 9FC4D28B2133A9510021F517 /* Build configuration list for PBXNativeTarget "Concentration" */;
			buildPhases = (
				9FC4D25C2133A9510021F517 /* Sources */,
				9FC4D25D2133A9510021F517 /* Frameworks */,
				9FC4D25E2133A9510021F517 /* Resources */,
			);
			buildRules = (
			);
			dependencies = (
			);
			name = Concentration;
			productName = Concentration;
			productReference = 9FC4D2602133A9510021F517 /* Concentration.app */;
			productType = "com.apple.product-type.application";
		};
		9FC4D2762133A9510021F517 /* ConcentrationTests */ = {
			isa = PBXNativeTarget;
			buildConfigurationList = 9FC4D28E2133A9510021F517 /* Build configuration list for PBXNativeTarget "ConcentrationTests" */;
			buildPhases = (
				9FC4D2732133A9510021F517 /* Sources */,
				9FC4D2742133A9510021F517 /* Frameworks */,
				9FC4D2752133A9510021F517 /* Resources */,
			);
			buildRules = (
			);
			dependencies = (
				9FC4D2792133A9510021F517 /* PBXTargetDependency */,
			);
			name = ConcentrationTests;
			productName = ConcentrationTests;
			productReference = 9FC4D2772133A9510021F517 /* ConcentrationTests.xctest */;
			productType = "com.apple.product-type.bundle.unit-test";
		};
		9FC4D2812133A9510021F517 /* ConcentrationUITests */ = {
			isa = PBXNativeTarget;
			buildConfigurationList = 9FC4D2912133A9510021F517 /* Build configuration list for PBXNativeTarget "ConcentrationUITests" */;
			buildPhases = (
				9FC4D27E2133A9510021F517 /* Sources */,
				9FC4D27F2133A9510021F517 /* Frameworks */,
				9FC4D2802133A9510021F517 /* Resources */,
			);
			buildRules = (
			);
			dependencies = (
				9FC4D2842133A9510021F517 /* PBXTargetDependency */,
			);
			name = ConcentrationUITests;
			productName = ConcentrationUITests;
			productReference = 9FC4D2822133A9510021F517 /* ConcentrationUITests.xctest */;
			productType = "com.apple.product-type.bundle.ui-testing";
		};
/* End PBXNativeTarget section */

/* Begin PBXProject section */
		9FC4D2582133A9510021F517 /* Project object */ = {
			isa = PBXProject;
			attributes = {
				LastSwiftUpdateCheck = 0920;
				LastUpgradeCheck = 0920;
				ORGANIZATIONNAME = "Khoa Vo";
				TargetAttributes = {
					9FC4D25F2133A9510021F517 = {
						CreatedOnToolsVersion = 9.2;
						ProvisioningStyle = Automatic;
					};
					9FC4D2762133A9510021F517 = {
						CreatedOnToolsVersion = 9.2;
						ProvisioningStyle = Automatic;
						TestTargetID = 9FC4D25F2133A9510021F517;
					};
					9FC4D2812133A9510021F517 = {
						CreatedOnToolsVersion = 9.2;
						ProvisioningStyle = Automatic;
						TestTargetID = 9FC4D25F2133A9510021F517;
					};
				};
			};
			buildConfigurationList = 9FC4D25B2133A9510021F517 /* Build configuration list for PBXProject "Concentration" */;
			compatibilityVersion = "Xcode 8.0";
			developmentRegion = en;
			hasScannedForEncodings = 0;
			knownRegions = (
				en,
				Base,
			);
			mainGroup = 9FC4D2572133A9510021F517;
			productRefGroup = 9FC4D2612133A9510021F517 /* Products */;
			projectDirPath = "";
			projectRoot = "";
			targets = (
				9FC4D25F2133A9510021F517 /* Concentration */,
				9FC4D2762133A9510021F517 /* ConcentrationTests */,
				9FC4D2812133A9510021F517 /* ConcentrationUITests */,
			);
		};
/* End PBXProject section */

/* Begin PBXResourcesBuildPhase section */
		9FC4D25E2133A9510021F517 /* Resources */ = {
			isa = PBXResourcesBuildPhase;
			buildActionMask = 2147483647;
			files = (
				9FC4D2712133A9510021F517 /* LaunchScreen.storyboard in Resources */,
				9FC4D26E2133A9510021F517 /* Assets.xcassets in Resources */,
				9FC4D2692133A9510021F517 /* Main.storyboard in Resources */,
			);
			runOnlyForDeploymentPostprocessing = 0;
		};
		9FC4D2752133A9510021F517 /* Resources */ = {
			isa = PBXResourcesBuildPhase;
			buildActionMask = 2147483647;
			files = (
			);
			runOnlyForDeploymentPostprocessing = 0;
		};
		9FC4D2802133A9510021F517 /* Resources */ = {
			isa = PBXResourcesBuildPhase;
			buildActionMask = 2147483647;
			files = (
			);
			runOnlyForDeploymentPostprocessing = 0;
		};
/* End PBXResourcesBuildPhase section */

/* Begin PBXSourcesBuildPhase section */
		9FC4D25C2133A9510021F517 /* Sources */ = {
			isa = PBXSourcesBuildPhase;
			buildActionMask = 2147483647;
			files = (
				9FC4D2662133A9510021F517 /* ViewController.swift in Sources */,
				9FC4D26C2133A9510021F517 /* Concentration.xcdatamodeld in Sources */,
				9FC4D2642133A9510021F517 /* AppDelegate.swift in Sources */,
			);
			runOnlyForDeploymentPostprocessing = 0;
		};
		9FC4D2732133A9510021F517 /* Sources */ = {
			isa = PBXSourcesBuildPhase;
			buildActionMask = 2147483647;
			files = (
				9FC4D27C2133A9510021F517 /* ConcentrationTests.swift in Sources */,
			);
			runOnlyForDeploymentPostprocessing = 0;
		};
		9FC4D27E2133A9510021F517 /* Sources */ = {
			isa = PBXSourcesBuildPhase;
			buildActionMask = 2147483647;
			files = (
				9FC4D2872133A9510021F517 /* ConcentrationUITests.swift in Sources */,
			);
			runOnlyForDeploymentPostprocessing = 0;
		};
/* End PBXSourcesBuildPhase section */

/* Begin PBXTargetDependency section */
		9FC4D2792133A9510021F517 /* PBXTargetDependency */ = {
			isa = PBXTargetDependency;
			target = 9FC4D25F2133A9510021F517 /* Concentration */;
			targetProxy = 9FC4D2782133A9510021F517 /* PBXContainerItemProxy */;
		};
		9FC4D2842133A9510021F517 /* PBXTargetDependency */ = {
			isa = PBXTargetDependency;
			target = 9FC4D25F2133A9510021F517 /* Concentration */;
			targetProxy = 9FC4D2832133A9510021F517 /* PBXContainerItemProxy */;
		};
/* End PBXTargetDependency section */

/* Begin PBXVariantGroup section */
		9FC4D2672133A9510021F517 /* Main.storyboard */ = {
			isa = PBXVariantGroup;
			children = (
				9FC4D2682133A9510021F517 /* Base */,
			);
			name = Main.storyboard;
			sourceTree = "<group>";
		};
		9FC4D26F2133A9510021F517 /* LaunchScreen.storyboard */ = {
			isa = PBXVariantGroup;
			children = (
				9FC4D2702133A9510021F517 /* Base */,
			);
			name = LaunchScreen.storyboard;
			sourceTree = "<group>";
		};
/* End PBXVariantGroup section */

/* Begin XCBuildConfiguration section */
		9FC4D2892133A9510021F517 /* Debug */ = {
			isa = XCBuildConfiguration;
			buildSettings = {
				ALWAYS_SEARCH_USER_PATHS = NO;
				CLANG_ANALYZER_NONNULL = YES;
				CLANG_ANALYZER_NUMBER_OBJECT_CONVERSION = YES_AGGRESSIVE;
				CLANG_CXX_LANGUAGE_STANDARD = "gnu++14";
				CLANG_CXX_LIBRARY = "libc++";
				CLANG_ENABLE_MODULES = YES;
				CLANG_ENABLE_OBJC_ARC = YES;
				CLANG_WARN_BLOCK_CAPTURE_AUTORELEASING = YES;
				CLANG_WARN_BOOL_CONVERSION = YES;
				CLANG_WARN_COMMA = YES;
				CLANG_WARN_CONSTANT_CONVERSION = YES;
				CLANG_WARN_DIRECT_OBJC_ISA_USAGE = YES_ERROR;
				CLANG_WARN_DOCUMENTATION_COMMENTS = YES;
				CLANG_WARN_EMPTY_BODY = YES;
				CLANG_WARN_ENUM_CONVERSION = YES;
				CLANG_WARN_INFINITE_RECURSION = YES;
				CLANG_WARN_INT_CONVERSION = YES;
				CLANG_WARN_NON_LITERAL_NULL_CONVERSION = YES;
				CLANG_WARN_OBJC_LITERAL_CONVERSION = YES;
				CLANG_WARN_OBJC_ROOT_CLASS = YES_ERROR;
				CLANG_WARN_RANGE_LOOP_ANALYSIS = YES;
				CLANG_WARN_STRICT_PROTOTYPES = YES;
				CLANG_WARN_SUSPICIOUS_MOVE = YES;
				CLANG_WARN_UNGUARDED_AVAILABILITY = YES_AGGRESSIVE;
				CLANG_WARN_UNREACHABLE_CODE = YES;
				CLANG_WARN__DUPLICATE_METHOD_MATCH = YES;
				CODE_SIGN_IDENTITY = "iPhone Developer";
				COPY_PHASE_STRIP = NO;
				DEBUG_INFORMATION_FORMAT = dwarf;
				ENABLE_STRICT_OBJC_MSGSEND = YES;
				ENABLE_TESTABILITY = YES;
				GCC_C_LANGUAGE_STANDARD = gnu11;
				GCC_DYNAMIC_NO_PIC = NO;
				GCC_NO_COMMON_BLOCKS = YES;
				GCC_OPTIMIZATION_LEVEL = 0;
				GCC_PREPROCESSOR_DEFINITIONS = (
					"DEBUG=1",
					"$(inherited)",
				);
				GCC_WARN_64_TO_32_BIT_CONVERSION = YES;
				GCC_WARN_ABOUT_RETURN_TYPE = YES_ERROR;
				GCC_WARN_UNDECLARED_SELECTOR = YES;
				GCC_WARN_UNINITIALIZED_AUTOS = YES_AGGRESSIVE;
				GCC_WARN_UNUSED_FUNCTION = YES;
				GCC_WARN_UNUSED_VARIABLE = YES;
				IPHONEOS_DEPLOYMENT_TARGET = 11.2;
				MTL_ENABLE_DEBUG_INFO = YES;
				ONLY_ACTIVE_ARCH = YES;
				SDKROOT = iphoneos;
				SWIFT_ACTIVE_COMPILATION_CONDITIONS = DEBUG;
				SWIFT_OPTIMIZATION_LEVEL = "-Onone";
			};
			name = Debug;
		};
		9FC4D28A2133A9510021F517 /* Release */ = {
			isa = XCBuildConfiguration;
			buildSettings = {
				ALWAYS_SEARCH_USER_PATHS = NO;
				CLANG_ANALYZER_NONNULL = YES;
				CLANG_ANALYZER_NUMBER_OBJECT_CONVERSION = YES_AGGRESSIVE;
				CLANG_CXX_LANGUAGE_STANDARD = "gnu++14";
				CLANG_CXX_LIBRARY = "libc++";
				CLANG_ENABLE_MODULES = YES;
				CLANG_ENABLE_OBJC_ARC = YES;
				CLANG_WARN_BLOCK_CAPTURE_AUTORELEASING = YES;
				CLANG_WARN_BOOL_CONVERSION = YES;
				CLANG_WARN_COMMA = YES;
				CLANG_WARN_CONSTANT_CONVERSION = YES;
				CLANG_WARN_DIRECT_OBJC_ISA_USAGE = YES_ERROR;
				CLANG_WARN_DOCUMENTATION_COMMENTS = YES;
				CLANG_WARN_EMPTY_BODY = YES;
				CLANG_WARN_ENUM_CONVERSION = YES;
				CLANG_WARN_INFINITE_RECURSION = YES;
				CLANG_WARN_INT_CONVERSION = YES;
				CLANG_WARN_NON_LITERAL_NULL_CONVERSION = YES;
				CLANG_WARN_OBJC_LITERAL_CONVERSION = YES;
				CLANG_WARN_OBJC_ROOT_CLASS = YES_ERROR;
				CLANG_WARN_RANGE_LOOP_ANALYSIS = YES;
				CLANG_WARN_STRICT_PROTOTYPES = YES;
				CLANG_WARN_SUSPICIOUS_MOVE = YES;
				CLANG_WARN_UNGUARDED_AVAILABILITY = YES_AGGRESSIVE;
				CLANG_WARN_UNREACHABLE_CODE = YES;
				CLANG_WARN__DUPLICATE_METHOD_MATCH = YES;
				CODE_SIGN_IDENTITY = "iPhone Developer";
				COPY_PHASE_STRIP = NO;
				DEBUG_INFORMATION_FORMAT = "dwarf-with-dsym";
				ENABLE_NS_ASSERTIONS = NO;
				ENABLE_STRICT_OBJC_MSGSEND = YES;
				GCC_C_LANGUAGE_STANDARD = gnu11;
				GCC_NO_COMMON_BLOCKS = YES;
				GCC_WARN_64_TO_32_BIT_CONVERSION = YES;
				GCC_WARN_ABOUT_RETURN_TYPE = YES_ERROR;
				GCC_WARN_UNDECLARED_SELECTOR = YES;
				GCC_WARN_UNINITIALIZED_AUTOS = YES_AGGRESSIVE;
				GCC_WARN_UNUSED_FUNCTION = YES;
				GCC_WARN_UNUSED_VARIABLE = YES;
				IPHONEOS_DEPLOYMENT_TARGET = 11.2;
				MTL_ENABLE_DEBUG_INFO = NO;
				SDKROOT = iphoneos;
				SWIFT_OPTIMIZATION_LEVEL = "-Owholemodule";
				VALIDATE_PRODUCT = YES;
			};
			name = Release;
		};
		9FC4D28C2133A9510021F517 /* Debug */ = {
			isa = XCBuildConfiguration;
			buildSettings = {
				ASSETCATALOG_COMPILER_APPICON_NAME = AppIcon;
				CODE_SIGN_STYLE = Automatic;
				INFOPLIST_FILE = Concentration/Info.plist;
				LD_RUNPATH_SEARCH_PATHS = "$(inherited) @executable_path/Frameworks";
				PRODUCT_BUNDLE_IDENTIFIER = "edu-sjsu.Concentration";
				PRODUCT_NAME = "$(TARGET_NAME)";
				SWIFT_VERSION = 4.0;
				TARGETED_DEVICE_FAMILY = "1,2";
			};
			name = Debug;
		};
		9FC4D28D2133A9510021F517 /* Release */ = {
			isa = XCBuildConfiguration;
			buildSettings = {
				ASSETCATALOG_COMPILER_APPICON_NAME = AppIcon;
				CODE_SIGN_STYLE = Automatic;
				INFOPLIST_FILE = Concentration/Info.plist;
				LD_RUNPATH_SEARCH_PATHS = "$(inherited) @executable_path/Frameworks";
				PRODUCT_BUNDLE_IDENTIFIER = "edu-sjsu.Concentration";
				PRODUCT_NAME = "$(TARGET_NAME)";
				SWIFT_VERSION = 4.0;
				TARGETED_DEVICE_FAMILY = "1,2";
			};
			name = Release;
		};
		9FC4D28F2133A9510021F517 /* Debug */ = {
			isa = XCBuildConfiguration;
			buildSettings = {
				ALWAYS_EMBED_SWIFT_STANDARD_LIBRARIES = YES;
				BUNDLE_LOADER = "$(TEST_HOST)";
				CODE_SIGN_STYLE = Automatic;
				INFOPLIST_FILE = ConcentrationTests/Info.plist;
				LD_RUNPATH_SEARCH_PATHS = "$(inherited) @executable_path/Frameworks @loader_path/Frameworks";
				PRODUCT_BUNDLE_IDENTIFIER = "edu-sjsu.ConcentrationTests";
				PRODUCT_NAME = "$(TARGET_NAME)";
				SWIFT_VERSION = 4.0;
				TARGETED_DEVICE_FAMILY = "1,2";
				TEST_HOST = "$(BUILT_PRODUCTS_DIR)/Concentration.app/Concentration";
			};
			name = Debug;
		};
		9FC4D2902133A9510021F517 /* Release */ = {
			isa = XCBuildConfiguration;
			buildSettings = {
				ALWAYS_EMBED_SWIFT_STANDARD_LIBRARIES = YES;
				BUNDLE_LOADER = "$(TEST_HOST)";
				CODE_SIGN_STYLE = Automatic;
				INFOPLIST_FILE = ConcentrationTests/Info.plist;
				LD_RUNPATH_SEARCH_PATHS = "$(inherited) @executable_path/Frameworks @loader_path/Frameworks";
				PRODUCT_BUNDLE_IDENTIFIER = "edu-sjsu.ConcentrationTests";
				PRODUCT_NAME = "$(TARGET_NAME)";
				SWIFT_VERSION = 4.0;
				TARGETED_DEVICE_FAMILY = "1,2";
				TEST_HOST = "$(BUILT_PRODUCTS_DIR)/Concentration.app/Concentration";
			};
			name = Release;
		};
		9FC4D2922133A9510021F517 /* Debug */ = {
			isa = XCBuildConfiguration;
			buildSettings = {
				ALWAYS_EMBED_SWIFT_STANDARD_LIBRARIES = YES;
				CODE_SIGN_STYLE = Automatic;
				INFOPLIST_FILE = ConcentrationUITests/Info.plist;
				LD_RUNPATH_SEARCH_PATHS = "$(inherited) @executable_path/Frameworks @loader_path/Frameworks";
				PRODUCT_BUNDLE_IDENTIFIER = "edu-sjsu.ConcentrationUITests";
				PRODUCT_NAME = "$(TARGET_NAME)";
				SWIFT_VERSION = 4.0;
				TARGETED_DEVICE_FAMILY = "1,2";
				TEST_TARGET_NAME = Concentration;
			};
			name = Debug;
		};
		9FC4D2932133A9510021F517 /* Release */ = {
			isa = XCBuildConfiguration;
			buildSettings = {
				ALWAYS_EMBED_SWIFT_STANDARD_LIBRARIES = YES;
				CODE_SIGN_STYLE = Automatic;
				INFOPLIST_FILE = ConcentrationUITests/Info.plist;
				LD_RUNPATH_SEARCH_PATHS = "$(inherited) @executable_path/Frameworks @loader_path/Frameworks";
				PRODUCT_BUNDLE_IDENTIFIER = "edu-sjsu.ConcentrationUITests";
				PRODUCT_NAME = "$(TARGET_NAME)";
				SWIFT_VERSION = 4.0;
				TARGETED_DEVICE_FAMILY = "1,2";
				TEST_TARGET_NAME = Concentration;
			};
			name = Release;
		};
/* End XCBuildConfiguration section */

/* Begin XCConfigurationList section */
		9FC4D25B2133A9510021F517 /* Build configuration list for PBXProject "Concentration" */ = {
			isa = XCConfigurationList;
			buildConfigurations = (
				9FC4D2892133A9510021F517 /* Debug */,
				9FC4D28A2133A9510021F517 /* Release */,
			);
			defaultConfigurationIsVisible = 0;
			defaultConfigurationName = Release;
		};
		9FC4D28B2133A9510021F517 /* Build configuration list for PBXNativeTarget "Concentration" */ = {
			isa = XCConfigurationList;
			buildConfigurations = (
				9FC4D28C2133A9510021F517 /* Debug */,
				9FC4D28D2133A9510021F517 /* Release */,
			);
			defaultConfigurationIsVisible = 0;
			defaultConfigurationName = Release;
		};
		9FC4D28E2133A9510021F517 /* Build configuration list for PBXNativeTarget "ConcentrationTests" */ = {
			isa = XCConfigurationList;
			buildConfigurations = (
				9FC4D28F2133A9510021F517 /* Debug */,
				9FC4D2902133A9510021F517 /* Release */,
			);
			defaultConfigurationIsVisible = 0;
			defaultConfigurationName = Release;
		};
		9FC4D2912133A9510021F517 /* Build configuration list for PBXNativeTarget "ConcentrationUITests" */ = {
			isa = XCConfigurationList;
			buildConfigurations = (
				9FC4D2922133A9510021F517 /* Debug */,
				9FC4D2932133A9510021F517 /* Release */,
			);
			defaultConfigurationIsVisible = 0;
			defaultConfigurationName = Release;
		};
/* End XCConfigurationList section */

/* Begin XCVersionGroup section */
		9FC4D26A2133A9510021F517 /* Concentration.xcdatamodeld */ = {
			isa = XCVersionGroup;
			children = (
				9FC4D26B2133A9510021F517 /* Concentration.xcdatamodel */,
			);
			currentVersion = 9FC4D26B2133A9510021F517 /* Concentration.xcdatamodel */;
			path = Concentration.xcdatamodeld;
			sourceTree = "<group>";
			versionGroupType = wrapper.xcdatamodel;
		};
/* End XCVersionGroup section */
	};
	rootObject = 9FC4D2582133A9510021F517 /* Project object */;
}
